
Microsoft Visual Studio Solution File, Format Version 12.00
# Visual Studio Version 16
VisualStudioVersion = 16.0.30611.23
MinimumVisualStudioVersion = 10.0.40219.1
Project("{FAE04EC0-301F-11D3-BF4B-00C04F79EFBC}") = "nametag tool", "nametag tool\nametag tool.csproj", "{BC024A8A-6A13-47FA-A0B0-15C6DC57B9E0}"
EndProject
Global
	GlobalSection(SolutionConfigurationPlatforms) = preSolution
		Debug|Any CPU = Debug|Any CPU
		Release|Any CPU = Release|Any CPU
	EndGlobalSection
	GlobalSection(ProjectConfigurationPlatforms) = postSolution
		{BC024A8A-6A13-47FA-A0B0-15C6DC57B9E0}.Debug|Any CPU.ActiveCfg = Debug|Any CPU
		{BC024A8A-6A13-47FA-A0B0-15C6DC57B9E0}.Debug|Any CPU.Build.0 = Debug|Any CPU
		{BC024A8A-6A13-47FA-A0B0-15C6DC57B9E0}.Release|Any CPU.ActiveCfg = Release|Any CPU
		{BC024A8A-6A13-47FA-A0B0-15C6DC57B9E0}.Release|Any CPU.Build.0 = Release|Any CPU
	EndGlobalSection
	GlobalSection(SolutionProperties) = preSolution
		HideSolutionNode = FALSE
	EndGlobalSection
	GlobalSection(ExtensibilityGlobals) = postSolution
		SolutionGuid = {D7E57062-2003-4228-BDD1-37731D8F369E}
	EndGlobalSection
EndGlobal
